{
  "nodes": {
    "flake-utils": {
      "locked": {
        "lastModified": 1649676176,
        "narHash": "sha256-OWKJratjt2RW151VUlJPRALb7OU2S5s+f0vLj4o1bHM=",
        "owner": "numtide",
        "repo": "flake-utils",
        "rev": "a4b154ebbdc88c8498a5c7b01589addc9e9cb678",
        "type": "github"
      },
      "original": {
        "owner": "numtide",
        "repo": "flake-utils",
        "type": "github"
      }
    },
    "gomod2nix": {
      "inputs": {
        "nixpkgs": [
          "nixpkgs"
        ],
        "utils": "utils"
      },
      "locked": {
        "lastModified": 1647031991,
        "narHash": "sha256-Sp+dTICdTo2olKiAUKplEBjLKAQYKGH5sbVsW6GPkBk=",
        "owner": "matthewpi",
        "repo": "gomod2nix",
        "rev": "cbc478102816a0227df2469824fd46c2625db06f",
        "type": "github"
      },
      "original": {
        "owner": "matthewpi",
        "ref": "matthewpi",
        "repo": "gomod2nix",
        "type": "github"
      }
    },
    "nix-filter": {
      "locked": {
        "lastModified": 1649838635,
        "narHash": "sha256-P1h48+l9vUvMz4JwHBgkTXiX6mE8oYR75vBVUbe6Cuc=",
        "owner": "numtide",
        "repo": "nix-filter",
        "rev": "40a58baa248a8b335e2d66ca258a74248af9d834",
        "type": "github"
      },
      "original": {
        "owner": "numtide",
        "repo": "nix-filter",
        "type": "github"
      }
    },
    "nixpkgs": {
      "locked": {
        "lastModified": 1651282490,
        "narHash": "sha256-4sGZ7JtN1jmbRwjKWhZ3Lvo9OcTNfYe1AHzniSOyQiM=",
        "owner": "NixOS",
        "repo": "nixpkgs",
        "rev": "b9387eced5da20a03c0f4f32ba4c4552620a0c69",
        "type": "github"
      },
      "original": {
        "owner": "NixOS",
        "repo": "nixpkgs",
        "type": "github"
      }
    },
    "root": {
      "inputs": {
        "flake-utils": "flake-utils",
        "gomod2nix": "gomod2nix",
        "nix-filter": "nix-filter",
        "nixpkgs": "nixpkgs"
      }
    },
    "utils": {
      "locked": {
        "lastModified": 1623875721,
        "narHash": "sha256-A8BU7bjS5GirpAUv4QA+QnJ4CceLHkcXdRp4xITDB0s=",
        "owner": "numtide",
        "repo": "flake-utils",
        "rev": "f7e004a55b120c02ecb6219596820fcd32ca8772",
        "type": "github"
      },
      "original": {
        "owner": "numtide",
        "repo": "flake-utils",
        "type": "github"
      }
    }
  },
  "root": "root",
  "version": 7
}
